
Microsoft Visual Studio Solution File, Format Version 12.00
# Visual Studio Version 16
VisualStudioVersion = 16.0.810.11
MinimumVisualStudioVersion = 10.0.40219.1
Project("{FAE04EC0-301F-11D3-BF4B-00C04F79EFBC}") = "Blandade_Övningsuppgifter", "Blandade_Övningsuppgifter\Blandade_Övningsuppgifter.csproj", "{521D6782-99B3-44A9-9917-D1E49CB85889}"
EndProject
Global
	GlobalSection(SolutionConfigurationPlatforms) = preSolution
		Debug|Any CPU = Debug|Any CPU
		Release|Any CPU = Release|Any CPU
	EndGlobalSection
	GlobalSection(ProjectConfigurationPlatforms) = postSolution
		{521D6782-99B3-44A9-9917-D1E49CB85889}.Debug|Any CPU.ActiveCfg = Debug|Any CPU
		{521D6782-99B3-44A9-9917-D1E49CB85889}.Debug|Any CPU.Build.0 = Debug|Any CPU
		{521D6782-99B3-44A9-9917-D1E49CB85889}.Release|Any CPU.ActiveCfg = Release|Any CPU
		{521D6782-99B3-44A9-9917-D1E49CB85889}.Release|Any CPU.Build.0 = Release|Any CPU
	EndGlobalSection
	GlobalSection(SolutionProperties) = preSolution
		HideSolutionNode = FALSE
	EndGlobalSection
	GlobalSection(ExtensibilityGlobals) = postSolution
		SolutionGuid = {C5DE75F0-04BD-4E9B-BDEF-C381402A300E}
	EndGlobalSection
EndGlobal
